
Microsoft Visual Studio Solution File, Format Version 12.00
# Visual Studio Version 16
VisualStudioVersion = 16.0.30225.117
MinimumVisualStudioVersion = 10.0.40219.1
Project("{9A19103F-16F7-4668-BE54-9A1E7A4F7556}") = "CrossPad", "CrossPad\CrossPad.csproj", "{039867DE-84BB-4284-9B12-08DC2A18962F}"
EndProject
Project("{9A19103F-16F7-4668-BE54-9A1E7A4F7556}") = "CrossPad.WPF", "CrossPad.WPF\CrossPad.WPF.csproj", "{E54FD6AC-4950-4748-A7D6-19DC9EEDD546}"
EndProject
Project("{FAE04EC0-301F-11D3-BF4B-00C04F79EFBC}") = "CrossPad.MacOS", "CrossPad.MacOS\CrossPad.MacOS.csproj", "{FA67A4C7-CF00-4C98-9574-BDA9C8906CF2}"
EndProject
Global
	GlobalSection(SolutionConfigurationPlatforms) = preSolution
		Debug|Any CPU = Debug|Any CPU
		Debug|ARM = Debug|ARM
		Debug|ARM64 = Debug|ARM64
		Debug|x64 = Debug|x64
		Debug|x86 = Debug|x86
		Release|Any CPU = Release|Any CPU
		Release|ARM = Release|ARM
		Release|ARM64 = Release|ARM64
		Release|x64 = Release|x64
		Release|x86 = Release|x86
	EndGlobalSection
	GlobalSection(ProjectConfigurationPlatforms) = postSolution
		{039867DE-84BB-4284-9B12-08DC2A18962F}.Debug|Any CPU.ActiveCfg = Debug|Any CPU
		{039867DE-84BB-4284-9B12-08DC2A18962F}.Debug|Any CPU.Build.0 = Debug|Any CPU
		{039867DE-84BB-4284-9B12-08DC2A18962F}.Debug|Any CPU.Deploy.0 = Debug|Any CPU
		{039867DE-84BB-4284-9B12-08DC2A18962F}.Debug|ARM.ActiveCfg = Debug|Any CPU
		{039867DE-84BB-4284-9B12-08DC2A18962F}.Debug|ARM.Build.0 = Debug|Any CPU
		{039867DE-84BB-4284-9B12-08DC2A18962F}.Debug|ARM.Deploy.0 = Debug|Any CPU
		{039867DE-84BB-4284-9B12-08DC2A18962F}.Debug|ARM64.ActiveCfg = Debug|Any CPU
		{039867DE-84BB-4284-9B12-08DC2A18962F}.Debug|ARM64.Build.0 = Debug|Any CPU
		{039867DE-84BB-4284-9B12-08DC2A18962F}.Debug|x64.ActiveCfg = Debug|Any CPU
		{039867DE-84BB-4284-9B12-08DC2A18962F}.Debug|x64.Build.0 = Debug|Any CPU
		{039867DE-84BB-4284-9B12-08DC2A18962F}.Debug|x64.Deploy.0 = Debug|Any CPU
		{039867DE-84BB-4284-9B12-08DC2A18962F}.Debug|x86.ActiveCfg = Debug|Any CPU
		{039867DE-84BB-4284-9B12-08DC2A18962F}.Debug|x86.Build.0 = Debug|Any CPU
		{039867DE-84BB-4284-9B12-08DC2A18962F}.Debug|x86.Deploy.0 = Debug|Any CPU
		{039867DE-84BB-4284-9B12-08DC2A18962F}.Release|Any CPU.ActiveCfg = Release|Any CPU
		{039867DE-84BB-4284-9B12-08DC2A18962F}.Release|Any CPU.Build.0 = Release|Any CPU
		{039867DE-84BB-4284-9B12-08DC2A18962F}.Release|Any CPU.Deploy.0 = Release|Any CPU
		{039867DE-84BB-4284-9B12-08DC2A18962F}.Release|ARM.ActiveCfg = Release|Any CPU
		{039867DE-84BB-4284-9B12-08DC2A18962F}.Release|ARM.Build.0 = Release|Any CPU
		{039867DE-84BB-4284-9B12-08DC2A18962F}.Release|ARM.Deploy.0 = Release|Any CPU
		{039867DE-84BB-4284-9B12-08DC2A18962F}.Release|ARM64.ActiveCfg = Release|Any CPU
		{039867DE-84BB-4284-9B12-08DC2A18962F}.Release|ARM64.Build.0 = Release|Any CPU
		{039867DE-84BB-4284-9B12-08DC2A18962F}.Release|x64.ActiveCfg = Release|Any CPU
		{039867DE-84BB-4284-9B12-08DC2A18962F}.Release|x64.Build.0 = Release|Any CPU
		{039867DE-84BB-4284-9B12-08DC2A18962F}.Release|x64.Deploy.0 = Release|Any CPU
		{039867DE-84BB-4284-9B12-08DC2A18962F}.Release|x86.ActiveCfg = Release|Any CPU
		{039867DE-84BB-4284-9B12-08DC2A18962F}.Release|x86.Build.0 = Release|Any CPU
		{039867DE-84BB-4284-9B12-08DC2A18962F}.Release|x86.Deploy.0 = Release|Any CPU
		{E54FD6AC-4950-4748-A7D6-19DC9EEDD546}.Debug|Any CPU.ActiveCfg = Debug|Any CPU
		{E54FD6AC-4950-4748-A7D6-19DC9EEDD546}.Debug|Any CPU.Build.0 = Debug|Any CPU
		{E54FD6AC-4950-4748-A7D6-19DC9EEDD546}.Debug|ARM.ActiveCfg = Debug|Any CPU
		{E54FD6AC-4950-4748-A7D6-19DC9EEDD546}.Debug|ARM.Build.0 = Debug|Any CPU
		{E54FD6AC-4950-4748-A7D6-19DC9EEDD546}.Debug|ARM64.ActiveCfg = Debug|Any CPU
		{E54FD6AC-4950-4748-A7D6-19DC9EEDD546}.Debug|ARM64.Build.0 = Debug|Any CPU
		{E54FD6AC-4950-4748-A7D6-19DC9EEDD546}.Debug|x64.ActiveCfg = Debug|Any CPU
		{E54FD6AC-4950-4748-A7D6-19DC9EEDD546}.Debug|x64.Build.0 = Debug|Any CPU
		{E54FD6AC-4950-4748-A7D6-19DC9EEDD546}.Debug|x86.ActiveCfg = Debug|Any CPU
		{E54FD6AC-4950-4748-A7D6-19DC9EEDD546}.Debug|x86.Build.0 = Debug|Any CPU
		{E54FD6AC-4950-4748-A7D6-19DC9EEDD546}.Release|Any CPU.ActiveCfg = Release|Any CPU
		{E54FD6AC-4950-4748-A7D6-19DC9EEDD546}.Release|Any CPU.Build.0 = Release|Any CPU
		{E54FD6AC-4950-4748-A7D6-19DC9EEDD546}.Release|ARM.ActiveCfg = Release|Any CPU
		{E54FD6AC-4950-4748-A7D6-19DC9EEDD546}.Release|ARM.Build.0 = Release|Any CPU
		{E54FD6AC-4950-4748-A7D6-19DC9EEDD546}.Release|ARM64.ActiveCfg = Release|Any CPU
		{E54FD6AC-4950-4748-A7D6-19DC9EEDD546}.Release|ARM64.Build.0 = Release|Any CPU
		{E54FD6AC-4950-4748-A7D6-19DC9EEDD546}.Release|x64.ActiveCfg = Release|Any CPU
		{E54FD6AC-4950-4748-A7D6-19DC9EEDD546}.Release|x64.Build.0 = Release|Any CPU
		{E54FD6AC-4950-4748-A7D6-19DC9EEDD546}.Release|x86.ActiveCfg = Release|Any CPU
		{E54FD6AC-4950-4748-A7D6-19DC9EEDD546}.Release|x86.Build.0 = Release|Any CPU
		{FA67A4C7-CF00-4C98-9574-BDA9C8906CF2}.Debug|Any CPU.ActiveCfg = Debug|Any CPU
		{FA67A4C7-CF00-4C98-9574-BDA9C8906CF2}.Debug|Any CPU.Build.0 = Debug|Any CPU
		{FA67A4C7-CF00-4C98-9574-BDA9C8906CF2}.Debug|ARM.ActiveCfg = Debug|Any CPU
		{FA67A4C7-CF00-4C98-9574-BDA9C8906CF2}.Debug|ARM.Build.0 = Debug|Any CPU
		{FA67A4C7-CF00-4C98-9574-BDA9C8906CF2}.Debug|ARM64.ActiveCfg = Debug|Any CPU
		{FA67A4C7-CF00-4C98-9574-BDA9C8906CF2}.Debug|ARM64.Build.0 = Debug|Any CPU
		{FA67A4C7-CF00-4C98-9574-BDA9C8906CF2}.Debug|x64.ActiveCfg = Debug|Any CPU
		{FA67A4C7-CF00-4C98-9574-BDA9C8906CF2}.Debug|x64.Build.0 = Debug|Any CPU
		{FA67A4C7-CF00-4C98-9574-BDA9C8906CF2}.Debug|x86.ActiveCfg = Debug|Any CPU
		{FA67A4C7-CF00-4C98-9574-BDA9C8906CF2}.Debug|x86.Build.0 = Debug|Any CPU
		{FA67A4C7-CF00-4C98-9574-BDA9C8906CF2}.Release|Any CPU.ActiveCfg = Release|Any CPU
		{FA67A4C7-CF00-4C98-9574-BDA9C8906CF2}.Release|Any CPU.Build.0 = Release|Any CPU
		{FA67A4C7-CF00-4C98-9574-BDA9C8906CF2}.Release|ARM.ActiveCfg = Release|Any CPU
		{FA67A4C7-CF00-4C98-9574-BDA9C8906CF2}.Release|ARM.Build.0 = Release|Any CPU
		{FA67A4C7-CF00-4C98-9574-BDA9C8906CF2}.Release|ARM64.ActiveCfg = Release|Any CPU
		{FA67A4C7-CF00-4C98-9574-BDA9C8906CF2}.Release|ARM64.Build.0 = Release|Any CPU
		{FA67A4C7-CF00-4C98-9574-BDA9C8906CF2}.Release|x64.ActiveCfg = Release|Any CPU
		{FA67A4C7-CF00-4C98-9574-BDA9C8906CF2}.Release|x64.Build.0 = Release|Any CPU
		{FA67A4C7-CF00-4C98-9574-BDA9C8906CF2}.Release|x86.ActiveCfg = Release|Any CPU
		{FA67A4C7-CF00-4C98-9574-BDA9C8906CF2}.Release|x86.Build.0 = Release|Any CPU
	EndGlobalSection
	GlobalSection(SolutionProperties) = preSolution
		HideSolutionNode = FALSE
	EndGlobalSection
	GlobalSection(ExtensibilityGlobals) = postSolution
		SolutionGuid = {92CE3366-5D01-4A80-8960-185B34BADE19}
	EndGlobalSection
	GlobalSection(MonoDevelopProperties) = preSolution
		Policies = $0
		$0.DotNetNamingPolicy = $1
		$1.DirectoryNamespaceAssociation = PrefixedHierarchical
	EndGlobalSection
EndGlobal
